
Microsoft Visual Studio Solution File, Format Version 12.00
# Visual Studio Version 17
VisualStudioVersion = 17.5.33530.505
MinimumVisualStudioVersion = 10.0.40219.1
Project("{FAE04EC0-301F-11D3-BF4B-00C04F79EFBC}") = "SeeleRichPresence", "SeeleRichPresence.csproj", "{99BDA486-9DC8-42E3-85F8-0554EE695C05}"
EndProject
Global
	GlobalSection(SolutionConfigurationPlatforms) = preSolution
		Debug|Any CPU = Debug|Any CPU
		Release|Any CPU = Release|Any CPU
	EndGlobalSection
	GlobalSection(ProjectConfigurationPlatforms) = postSolution
		{99BDA486-9DC8-42E3-85F8-0554EE695C05}.Debug|Any CPU.ActiveCfg = Debug|Any CPU
		{99BDA486-9DC8-42E3-85F8-0554EE695C05}.Debug|Any CPU.Build.0 = Debug|Any CPU
		{99BDA486-9DC8-42E3-85F8-0554EE695C05}.Release|Any CPU.ActiveCfg = Release|Any CPU
		{99BDA486-9DC8-42E3-85F8-0554EE695C05}.Release|Any CPU.Build.0 = Release|Any CPU
	EndGlobalSection
	GlobalSection(SolutionProperties) = preSolution
		HideSolutionNode = FALSE
	EndGlobalSection
	GlobalSection(ExtensibilityGlobals) = postSolution
		SolutionGuid = {CB833850-7AFA-40DD-845A-B80D825B3DD6}
	EndGlobalSection
EndGlobal
